
Microsoft Visual Studio Solution File, Format Version 12.00
# Visual Studio 15
VisualStudioVersion = 15.0.27703.2042
MinimumVisualStudioVersion = 10.0.40219.1
Project("{FAE04EC0-301F-11D3-BF4B-00C04F79EFBC}") = "College Discord Bot", "College Discord Bot\College Discord Bot.csproj", "{AD1E2C78-D3BB-4036-A063-829604919600}"
EndProject
Global
	GlobalSection(SolutionConfigurationPlatforms) = preSolution
		Debug|Any CPU = Debug|Any CPU
		Release|Any CPU = Release|Any CPU
	EndGlobalSection
	GlobalSection(ProjectConfigurationPlatforms) = postSolution
		{AD1E2C78-D3BB-4036-A063-829604919600}.Debug|Any CPU.ActiveCfg = Debug|Any CPU
		{AD1E2C78-D3BB-4036-A063-829604919600}.Debug|Any CPU.Build.0 = Debug|Any CPU
		{AD1E2C78-D3BB-4036-A063-829604919600}.Release|Any CPU.ActiveCfg = Release|Any CPU
		{AD1E2C78-D3BB-4036-A063-829604919600}.Release|Any CPU.Build.0 = Release|Any CPU
	EndGlobalSection
	GlobalSection(SolutionProperties) = preSolution
		HideSolutionNode = FALSE
	EndGlobalSection
	GlobalSection(ExtensibilityGlobals) = postSolution
		SolutionGuid = {FA3A37B3-6868-4157-9FFC-8A2146842ACC}
	EndGlobalSection
EndGlobal
